
Microsoft Visual Studio Solution File, Format Version 12.00
# Visual Studio Version 16
VisualStudioVersion = 16.0.32510.428
MinimumVisualStudioVersion = 10.0.40219.1
Project("{9A19103F-16F7-4668-BE54-9A1E7A4F7556}") = "IdServer", "IdServer\IdServer.csproj", "{EB3B5AA3-62B7-4E3A-8605-C267AA99FA31}"
EndProject
Project("{9A19103F-16F7-4668-BE54-9A1E7A4F7556}") = "MvcClient", "MvcClient\MvcClient.csproj", "{A7F800D9-C31E-4ECC-89F0-09CD8376B575}"
EndProject
Global
	GlobalSection(SolutionConfigurationPlatforms) = preSolution
		Debug|Any CPU = Debug|Any CPU
		Release|Any CPU = Release|Any CPU
	EndGlobalSection
	GlobalSection(ProjectConfigurationPlatforms) = postSolution
		{EB3B5AA3-62B7-4E3A-8605-C267AA99FA31}.Debug|Any CPU.ActiveCfg = Debug|Any CPU
		{EB3B5AA3-62B7-4E3A-8605-C267AA99FA31}.Debug|Any CPU.Build.0 = Debug|Any CPU
		{EB3B5AA3-62B7-4E3A-8605-C267AA99FA31}.Release|Any CPU.ActiveCfg = Release|Any CPU
		{EB3B5AA3-62B7-4E3A-8605-C267AA99FA31}.Release|Any CPU.Build.0 = Release|Any CPU
		{A7F800D9-C31E-4ECC-89F0-09CD8376B575}.Debug|Any CPU.ActiveCfg = Debug|Any CPU
		{A7F800D9-C31E-4ECC-89F0-09CD8376B575}.Debug|Any CPU.Build.0 = Debug|Any CPU
		{A7F800D9-C31E-4ECC-89F0-09CD8376B575}.Release|Any CPU.ActiveCfg = Release|Any CPU
		{A7F800D9-C31E-4ECC-89F0-09CD8376B575}.Release|Any CPU.Build.0 = Release|Any CPU
	EndGlobalSection
	GlobalSection(SolutionProperties) = preSolution
		HideSolutionNode = FALSE
	EndGlobalSection
	GlobalSection(ExtensibilityGlobals) = postSolution
		SolutionGuid = {0DE172D6-C19D-486B-A8DF-F67218EFF4C6}
	EndGlobalSection
EndGlobal
