
Microsoft Visual Studio Solution File, Format Version 12.00
# Visual Studio Version 17
VisualStudioVersion = 17.2.32526.322
MinimumVisualStudioVersion = 10.0.40219.1
Project("{FAE04EC0-301F-11D3-BF4B-00C04F79EFBC}") = "API", "API\API.csproj", "{6EAECBE6-5914-4421-A629-4A56E5FD7CCE}"
EndProject
Global
	GlobalSection(SolutionConfigurationPlatforms) = preSolution
		Debug|Any CPU = Debug|Any CPU
		Release|Any CPU = Release|Any CPU
	EndGlobalSection
	GlobalSection(ProjectConfigurationPlatforms) = postSolution
		{6EAECBE6-5914-4421-A629-4A56E5FD7CCE}.Debug|Any CPU.ActiveCfg = Debug|Any CPU
		{6EAECBE6-5914-4421-A629-4A56E5FD7CCE}.Debug|Any CPU.Build.0 = Debug|Any CPU
		{6EAECBE6-5914-4421-A629-4A56E5FD7CCE}.Release|Any CPU.ActiveCfg = Release|Any CPU
		{6EAECBE6-5914-4421-A629-4A56E5FD7CCE}.Release|Any CPU.Build.0 = Release|Any CPU
	EndGlobalSection
	GlobalSection(SolutionProperties) = preSolution
		HideSolutionNode = FALSE
	EndGlobalSection
	GlobalSection(ExtensibilityGlobals) = postSolution
		SolutionGuid = {4A146D2C-1015-4E55-B126-141C56C830CE}
	EndGlobalSection
EndGlobal
